{
    "version": "0.5",
    "requires": [
        "rusty-cpp/0.1.4#34a83851f668d142a651ac973832d116%1692887827.2923603",
        "rcu-vector/0.1.0#da41fb3bb10185504bb6b0b8cb174e25%1689672456.6307392",
        "counter-timer/0.1.0#5ee318b1fb367f53190bc2919a5b4c92%1692890041.5402727"
    ],
    "build_requires": [],
    "python_requires": []
}