{
    "version": "0.5",
    "requires": [
        "rusty-cpp/0.1.5#a2fb5a3cc0bc0e4776f29c20554a05a5%1692943202.5524223",
        "rcu-vector/0.1.0#da41fb3bb10185504bb6b0b8cb174e25%1689672456.6307392",
        "counter-timer/0.1.1#f96463136e547fd10a0be765b8a7a454%1692943525.626319"
    ],
    "build_requires": [],
    "python_requires": []
}